
Microsoft Visual Studio Solution File, Format Version 12.00
# Visual Studio 14
VisualStudioVersion = 14.0.25420.1
MinimumVisualStudioVersion = 10.0.40219.1
Project("{8BC9CEB8-8B4A-11D0-8D11-00A0C91BC942}") = "Common", "Common\Common.vcxproj", "{359A49BF-CA6D-448D-8FB9-7D55CC72C0AC}"
EndProject
Project("{8BC9CEB8-8B4A-11D0-8D11-00A0C91BC942}") = "ServerGate", "ServerGate\ServerGate.vcxproj", "{5ED8D628-04E2-4D09-9A70-0D55CD34B827}"
EndProject
Project("{8BC9CEB8-8B4A-11D0-8D11-00A0C91BC942}") = "ServerData", "ServerData\ServerData.vcxproj", "{31BAE46E-D9AF-4738-BB31-063574C5C835}"
EndProject
Project("{8BC9CEB8-8B4A-11D0-8D11-00A0C91BC942}") = "ServerLogin", "ServerLogin\ServerLogin.vcxproj", "{90189BB9-3E1B-4AC7-8315-B0028ED6EB08}"
EndProject
Global
	GlobalSection(SolutionConfigurationPlatforms) = preSolution
		Debug|x64 = Debug|x64
		Debug|x86 = Debug|x86
		Release|x64 = Release|x64
		Release|x86 = Release|x86
	EndGlobalSection
	GlobalSection(ProjectConfigurationPlatforms) = postSolution
		{359A49BF-CA6D-448D-8FB9-7D55CC72C0AC}.Debug|x64.ActiveCfg = Debug|x64
		{359A49BF-CA6D-448D-8FB9-7D55CC72C0AC}.Debug|x64.Build.0 = Debug|x64
		{359A49BF-CA6D-448D-8FB9-7D55CC72C0AC}.Debug|x86.ActiveCfg = Debug|Win32
		{359A49BF-CA6D-448D-8FB9-7D55CC72C0AC}.Debug|x86.Build.0 = Debug|Win32
		{359A49BF-CA6D-448D-8FB9-7D55CC72C0AC}.Release|x64.ActiveCfg = Release|x64
		{359A49BF-CA6D-448D-8FB9-7D55CC72C0AC}.Release|x64.Build.0 = Release|x64
		{359A49BF-CA6D-448D-8FB9-7D55CC72C0AC}.Release|x86.ActiveCfg = Release|Win32
		{359A49BF-CA6D-448D-8FB9-7D55CC72C0AC}.Release|x86.Build.0 = Release|Win32
		{5ED8D628-04E2-4D09-9A70-0D55CD34B827}.Debug|x64.ActiveCfg = Debug|x64
		{5ED8D628-04E2-4D09-9A70-0D55CD34B827}.Debug|x64.Build.0 = Debug|x64
		{5ED8D628-04E2-4D09-9A70-0D55CD34B827}.Debug|x86.ActiveCfg = Debug|Win32
		{5ED8D628-04E2-4D09-9A70-0D55CD34B827}.Debug|x86.Build.0 = Debug|Win32
		{5ED8D628-04E2-4D09-9A70-0D55CD34B827}.Release|x64.ActiveCfg = Release|x64
		{5ED8D628-04E2-4D09-9A70-0D55CD34B827}.Release|x64.Build.0 = Release|x64
		{5ED8D628-04E2-4D09-9A70-0D55CD34B827}.Release|x86.ActiveCfg = Release|Win32
		{5ED8D628-04E2-4D09-9A70-0D55CD34B827}.Release|x86.Build.0 = Release|Win32
		{31BAE46E-D9AF-4738-BB31-063574C5C835}.Debug|x64.ActiveCfg = Debug|x64
		{31BAE46E-D9AF-4738-BB31-063574C5C835}.Debug|x64.Build.0 = Debug|x64
		{31BAE46E-D9AF-4738-BB31-063574C5C835}.Debug|x86.ActiveCfg = Debug|Win32
		{31BAE46E-D9AF-4738-BB31-063574C5C835}.Debug|x86.Build.0 = Debug|Win32
		{31BAE46E-D9AF-4738-BB31-063574C5C835}.Release|x64.ActiveCfg = Release|x64
		{31BAE46E-D9AF-4738-BB31-063574C5C835}.Release|x64.Build.0 = Release|x64
		{31BAE46E-D9AF-4738-BB31-063574C5C835}.Release|x86.ActiveCfg = Release|Win32
		{31BAE46E-D9AF-4738-BB31-063574C5C835}.Release|x86.Build.0 = Release|Win32
		{90189BB9-3E1B-4AC7-8315-B0028ED6EB08}.Debug|x64.ActiveCfg = Debug|x64
		{90189BB9-3E1B-4AC7-8315-B0028ED6EB08}.Debug|x64.Build.0 = Debug|x64
		{90189BB9-3E1B-4AC7-8315-B0028ED6EB08}.Debug|x86.ActiveCfg = Debug|Win32
		{90189BB9-3E1B-4AC7-8315-B0028ED6EB08}.Debug|x86.Build.0 = Debug|Win32
		{90189BB9-3E1B-4AC7-8315-B0028ED6EB08}.Release|x64.ActiveCfg = Release|x64
		{90189BB9-3E1B-4AC7-8315-B0028ED6EB08}.Release|x64.Build.0 = Release|x64
		{90189BB9-3E1B-4AC7-8315-B0028ED6EB08}.Release|x86.ActiveCfg = Release|Win32
		{90189BB9-3E1B-4AC7-8315-B0028ED6EB08}.Release|x86.Build.0 = Release|Win32
	EndGlobalSection
	GlobalSection(SolutionProperties) = preSolution
		HideSolutionNode = FALSE
	EndGlobalSection
EndGlobal
