<?xml version="1.0" encoding="utf-8"?>
<Project ToolsVersion="4.0" xmlns="http://schemas.microsoft.com/developer/msbuild/2003">
  <ItemGroup>
    <ClCompile Include="main.cpp" />
    <ClCompile Include="MainGate.cpp" />
    <ClCompile Include="NetManagerGate.cpp" />
    <ClCompile Include="ServerGate.cpp" />
  </ItemGroup>
  <ItemGroup>
    <ClInclude Include="MainGate.h" />
    <ClInclude Include="NetManagerGate.h" />
    <ClInclude Include="ServerGate.h" />
  </ItemGroup>
</Project>