<?xml version="1.0" encoding="utf-8"?>
<Project ToolsVersion="4.0" xmlns="http://schemas.microsoft.com/developer/msbuild/2003">
  <ItemGroup>
    <ClCompile Include="main.cpp" />
    <ClCompile Include="NetManagerData.cpp" />
    <ClCompile Include="ServerData.cpp" />
    <ClCompile Include="MainData.cpp" />
    <ClCompile Include="MySQL\MySQLWrap.cpp">
      <Filter>MySQL</Filter>
    </ClCompile>
    <ClCompile Include="MySQL\MySQLResult.cpp">
      <Filter>MySQL</Filter>
    </ClCompile>
  </ItemGroup>
  <ItemGroup>
    <ClInclude Include="NetManagerData.h" />
    <ClInclude Include="ServerData.h" />
    <ClInclude Include="MainData.h" />
    <ClInclude Include="MySQL\MySQLWrap.h">
      <Filter>MySQL</Filter>
    </ClInclude>
    <ClInclude Include="MySQL\MySQLResult.h">
      <Filter>MySQL</Filter>
    </ClInclude>
  </ItemGroup>
  <ItemGroup>
    <Filter Include="MySQL">
      <UniqueIdentifier>{fed88e15-2f98-4fff-8de5-359e256710cf}</UniqueIdentifier>
    </Filter>
  </ItemGroup>
</Project>