<?xml version="1.0" encoding="utf-8"?>
<Project ToolsVersion="4.0" xmlns="http://schemas.microsoft.com/developer/msbuild/2003">
  <ItemGroup>
    <ClCompile Include="main.cpp" />
    <ClCompile Include="MySQLTest.cpp" />
    <ClCompile Include="NetTest.cpp" />
  </ItemGroup>
  <ItemGroup>
    <ClInclude Include="MySQLTest.h" />
    <ClInclude Include="NetTest.h" />
  </ItemGroup>
</Project>