<?xml version="1.0" encoding="utf-8"?>
<Project ToolsVersion="4.0" xmlns="http://schemas.microsoft.com/developer/msbuild/2003">
  <ItemGroup>
    <ClCompile Include="main.cpp" />
    <ClCompile Include="NetManagerGame.cpp" />
    <ClCompile Include="ServerGame.cpp" />
    <ClCompile Include="MainGame.cpp" />
    <ClCompile Include="Module\Login\LoginModule.cpp">
      <Filter>Module\Login</Filter>
    </ClCompile>
    <ClCompile Include="Module\Login\UserInfo.cpp">
      <Filter>Module\Login</Filter>
    </ClCompile>
    <ClCompile Include="HttpGame.cpp" />
  </ItemGroup>
  <ItemGroup>
    <ClInclude Include="NetManagerGame.h" />
    <ClInclude Include="ServerGame.h" />
    <ClInclude Include="MainGame.h" />
    <ClInclude Include="Module\Login\LoginModule.h">
      <Filter>Module\Login</Filter>
    </ClInclude>
    <ClInclude Include="Module\Login\UserInfo.h">
      <Filter>Module\Login</Filter>
    </ClInclude>
    <ClInclude Include="HttpGame.h" />
  </ItemGroup>
  <ItemGroup>
    <Filter Include="Module">
      <UniqueIdentifier>{709c1167-524f-470a-9d85-73faa30eddf0}</UniqueIdentifier>
    </Filter>
    <Filter Include="Module\Login">
      <UniqueIdentifier>{a3f4a267-2a66-4fc2-8db4-68500a20f4aa}</UniqueIdentifier>
    </Filter>
  </ItemGroup>
</Project>