<?xml version="1.0" encoding="utf-8"?>
<Project ToolsVersion="4.0" xmlns="http://schemas.microsoft.com/developer/msbuild/2003">
  <ItemGroup>
    <ClCompile Include="main.cpp" />
    <ClCompile Include="Module\Login\LoginModule.cpp">
      <Filter>Module\Login</Filter>
    </ClCompile>
    <ClCompile Include="Module\Login\UserInfo.cpp">
      <Filter>Module\Login</Filter>
    </ClCompile>
    <ClCompile Include="Module\Player\PlayerModule.cpp">
      <Filter>Module\Player</Filter>
    </ClCompile>
    <ClCompile Include="Module\Player\PlayerDataModel.cpp">
      <Filter>Module\Player</Filter>
    </ClCompile>
    <ClCompile Include="Module\Player\PlayerBasicData.cpp">
      <Filter>Module\Player</Filter>
    </ClCompile>
    <ClCompile Include="Game\CommandProcesser.cpp">
      <Filter>Game</Filter>
    </ClCompile>
    <ClCompile Include="Game\HttpGame.cpp">
      <Filter>Game</Filter>
    </ClCompile>
    <ClCompile Include="Game\MainGame.cpp">
      <Filter>Game</Filter>
    </ClCompile>
    <ClCompile Include="Game\NetManagerGame.cpp">
      <Filter>Game</Filter>
    </ClCompile>
    <ClCompile Include="Game\ServerGame.cpp">
      <Filter>Game</Filter>
    </ClCompile>
  </ItemGroup>
  <ItemGroup>
    <ClInclude Include="Module\Login\LoginModule.h">
      <Filter>Module\Login</Filter>
    </ClInclude>
    <ClInclude Include="Module\Login\UserInfo.h">
      <Filter>Module\Login</Filter>
    </ClInclude>
    <ClInclude Include="Module\Player\PlayerModule.h">
      <Filter>Module\Player</Filter>
    </ClInclude>
    <ClInclude Include="Module\Player\PlayerDataModel.h">
      <Filter>Module\Player</Filter>
    </ClInclude>
    <ClInclude Include="Module\Player\PlayerBasicData.h">
      <Filter>Module\Player</Filter>
    </ClInclude>
    <ClInclude Include="Module\Login\LoginDefine.h">
      <Filter>Module\Login</Filter>
    </ClInclude>
    <ClInclude Include="Module\Player\PlayerDefine.h">
      <Filter>Module\Player</Filter>
    </ClInclude>
    <ClInclude Include="Game\CommandProcesser.h">
      <Filter>Game</Filter>
    </ClInclude>
    <ClInclude Include="Game\HttpGame.h">
      <Filter>Game</Filter>
    </ClInclude>
    <ClInclude Include="Game\MainGame.h">
      <Filter>Game</Filter>
    </ClInclude>
    <ClInclude Include="Game\NetManagerGame.h">
      <Filter>Game</Filter>
    </ClInclude>
    <ClInclude Include="Game\ServerGame.h">
      <Filter>Game</Filter>
    </ClInclude>
  </ItemGroup>
  <ItemGroup>
    <Filter Include="Module">
      <UniqueIdentifier>{709c1167-524f-470a-9d85-73faa30eddf0}</UniqueIdentifier>
    </Filter>
    <Filter Include="Module\Login">
      <UniqueIdentifier>{a3f4a267-2a66-4fc2-8db4-68500a20f4aa}</UniqueIdentifier>
    </Filter>
    <Filter Include="Module\Player">
      <UniqueIdentifier>{2696909a-ea6c-456f-8370-b010fd5b7a1f}</UniqueIdentifier>
    </Filter>
    <Filter Include="Game">
      <UniqueIdentifier>{8865d3ce-4e66-474f-aa1e-cb02b48a4259}</UniqueIdentifier>
    </Filter>
  </ItemGroup>
</Project>