<?xml version="1.0" encoding="utf-8"?>
<Project ToolsVersion="4.0" xmlns="http://schemas.microsoft.com/developer/msbuild/2003">
  <ItemGroup>
    <Filter Include="Net">
      <UniqueIdentifier>{5a45bd0d-13ab-42db-bc7d-50a2c11d614d}</UniqueIdentifier>
    </Filter>
    <Filter Include="Util">
      <UniqueIdentifier>{b27470c5-0aed-4cd6-85dc-237d78b8dea9}</UniqueIdentifier>
    </Filter>
    <Filter Include="Core">
      <UniqueIdentifier>{96b401c8-3914-41c8-b30e-626c2eeaa3ab}</UniqueIdentifier>
    </Filter>
    <Filter Include="tinyxml2">
      <UniqueIdentifier>{904ddff0-2926-45e5-aa24-51be7773caa3}</UniqueIdentifier>
    </Filter>
    <Filter Include="Protocol">
      <UniqueIdentifier>{b0b37a2b-d78b-409a-b44c-361e048c384a}</UniqueIdentifier>
    </Filter>
    <Filter Include="Config">
      <UniqueIdentifier>{1ddf4008-92bb-4b3e-bac8-c2815a7bcd19}</UniqueIdentifier>
    </Filter>
    <Filter Include="Config\LuaWrap">
      <UniqueIdentifier>{30bbd82f-38eb-4404-bf8c-b7e4c90578d0}</UniqueIdentifier>
    </Filter>
    <Filter Include="Scene">
      <UniqueIdentifier>{b1c8b63f-41bb-4443-9276-233cae8e4945}</UniqueIdentifier>
    </Filter>
    <Filter Include="MySQL">
      <UniqueIdentifier>{4cc3b05a-4ec7-4d1d-b602-514089dcae90}</UniqueIdentifier>
    </Filter>
    <Filter Include="Http">
      <UniqueIdentifier>{fa0842f7-1413-47b4-8683-9876de18d5cf}</UniqueIdentifier>
    </Filter>
    <Filter Include="Frame">
      <UniqueIdentifier>{40eb4702-c75d-445b-84d3-e920fab4920f}</UniqueIdentifier>
    </Filter>
    <Filter Include="Frame\Model">
      <UniqueIdentifier>{5193d932-3bfb-4ca6-b3ea-bd10120b4995}</UniqueIdentifier>
    </Filter>
  </ItemGroup>
  <ItemGroup>
    <ClInclude Include="Net\NetServer.h">
      <Filter>Net</Filter>
    </ClInclude>
    <ClInclude Include="Net\NetListener.h">
      <Filter>Net</Filter>
    </ClInclude>
    <ClInclude Include="Net\NetConnection.h">
      <Filter>Net</Filter>
    </ClInclude>
    <ClInclude Include="Net\NetConnectionManager.h">
      <Filter>Net</Filter>
    </ClInclude>
    <ClInclude Include="Net\NetPackageHeader.h">
      <Filter>Net</Filter>
    </ClInclude>
    <ClInclude Include="Macro.h" />
    <ClInclude Include="Util\DataUtil.h">
      <Filter>Util</Filter>
    </ClInclude>
    <ClInclude Include="Core\semaphore.h">
      <Filter>Core</Filter>
    </ClInclude>
    <ClInclude Include="Util\TimeUtil.h">
      <Filter>Util</Filter>
    </ClInclude>
    <ClInclude Include="Net\NetMessage.h">
      <Filter>Net</Filter>
    </ClInclude>
    <ClInclude Include="Net\NetDefine.h">
      <Filter>Net</Filter>
    </ClInclude>
    <ClInclude Include="Util\ByteBuffer.h">
      <Filter>Util</Filter>
    </ClInclude>
    <ClInclude Include="Util\LockQueue.h">
      <Filter>Util</Filter>
    </ClInclude>
    <ClInclude Include="Net\NetInternalConnection.h">
      <Filter>Net</Filter>
    </ClInclude>
    <ClInclude Include="Util\StringUtil.h">
      <Filter>Util</Filter>
    </ClInclude>
    <ClInclude Include="tinyxml2\tinyxml2.h">
      <Filter>tinyxml2</Filter>
    </ClInclude>
    <ClInclude Include="Protocol\NetMsgID.h">
      <Filter>Protocol</Filter>
    </ClInclude>
    <ClInclude Include="Protocol\NetMsgLogin.h">
      <Filter>Protocol</Filter>
    </ClInclude>
    <ClInclude Include="Protocol\NetProtocol.h">
      <Filter>Protocol</Filter>
    </ClInclude>
    <ClInclude Include="Config\ModuleConfig.h">
      <Filter>Config</Filter>
    </ClInclude>
    <ClInclude Include="Config\LoginModuleConfig.h">
      <Filter>Config</Filter>
    </ClInclude>
    <ClInclude Include="Config\LuaWrap\CharacterWrap.h">
      <Filter>Config\LuaWrap</Filter>
    </ClInclude>
    <ClInclude Include="Config\LuaWrap.h">
      <Filter>Config</Filter>
    </ClInclude>
    <ClInclude Include="Protocol\NetMsgScene.h">
      <Filter>Protocol</Filter>
    </ClInclude>
    <ClInclude Include="Config\ConfigDefine.h">
      <Filter>Config</Filter>
    </ClInclude>
    <ClInclude Include="Config\LuaWrap\ProfWrap.h">
      <Filter>Config\LuaWrap</Filter>
    </ClInclude>
    <ClInclude Include="Scene\Actor.h">
      <Filter>Scene</Filter>
    </ClInclude>
    <ClInclude Include="Scene\Player.h">
      <Filter>Scene</Filter>
    </ClInclude>
    <ClInclude Include="Scene\Stage.h">
      <Filter>Scene</Filter>
    </ClInclude>
    <ClInclude Include="Scene\StageObject.h">
      <Filter>Scene</Filter>
    </ClInclude>
    <ClInclude Include="MySQL\MySQLResult.h">
      <Filter>MySQL</Filter>
    </ClInclude>
    <ClInclude Include="MySQL\MySQLWrap.h">
      <Filter>MySQL</Filter>
    </ClInclude>
    <ClInclude Include="Http\HttpServer.h">
      <Filter>Http</Filter>
    </ClInclude>
    <ClInclude Include="Core\pipe.h">
      <Filter>Core</Filter>
    </ClInclude>
    <ClInclude Include="Frame\MainBase.h">
      <Filter>Frame</Filter>
    </ClInclude>
    <ClInclude Include="Frame\NetManagerBase.h">
      <Filter>Frame</Filter>
    </ClInclude>
    <ClInclude Include="Frame\ServerBase.h">
      <Filter>Frame</Filter>
    </ClInclude>
    <ClInclude Include="Frame\StartSetting.h">
      <Filter>Frame</Filter>
    </ClInclude>
    <ClInclude Include="Frame\StorageManager.h">
      <Filter>Frame</Filter>
    </ClInclude>
    <ClInclude Include="Frame\ModuleBase.h">
      <Filter>Frame</Filter>
    </ClInclude>
    <ClInclude Include="Frame\Model\AttrSet.h">
      <Filter>Frame\Model</Filter>
    </ClInclude>
    <ClInclude Include="Frame\Model\DataModel.h">
      <Filter>Frame\Model</Filter>
    </ClInclude>
    <ClInclude Include="Frame\EventManager.h">
      <Filter>Frame</Filter>
    </ClInclude>
  </ItemGroup>
  <ItemGroup>
    <ClCompile Include="Net\NetServer.cpp">
      <Filter>Net</Filter>
    </ClCompile>
    <ClCompile Include="Net\NetListener.cpp">
      <Filter>Net</Filter>
    </ClCompile>
    <ClCompile Include="Net\NetConnection.cpp">
      <Filter>Net</Filter>
    </ClCompile>
    <ClCompile Include="Net\NetConnectionManager.cpp">
      <Filter>Net</Filter>
    </ClCompile>
    <ClCompile Include="Net\NetPackageHeader.cpp">
      <Filter>Net</Filter>
    </ClCompile>
    <ClCompile Include="Util\DataUtil.cpp">
      <Filter>Util</Filter>
    </ClCompile>
    <ClCompile Include="Core\semaphore.cpp">
      <Filter>Core</Filter>
    </ClCompile>
    <ClCompile Include="Net\NetMessage.cpp">
      <Filter>Net</Filter>
    </ClCompile>
    <ClCompile Include="Util\ByteBuffer.cpp">
      <Filter>Util</Filter>
    </ClCompile>
    <ClCompile Include="Net\NetInternalConnection.cpp">
      <Filter>Net</Filter>
    </ClCompile>
    <ClCompile Include="Util\StringUtil.cpp">
      <Filter>Util</Filter>
    </ClCompile>
    <ClCompile Include="tinyxml2\tinyxml2.cpp">
      <Filter>tinyxml2</Filter>
    </ClCompile>
    <ClCompile Include="Protocol\NetMsgLogin.cpp">
      <Filter>Protocol</Filter>
    </ClCompile>
    <ClCompile Include="Config\ModuleConfig.cpp">
      <Filter>Config</Filter>
    </ClCompile>
    <ClCompile Include="Config\LoginModuleConfig.cpp">
      <Filter>Config</Filter>
    </ClCompile>
    <ClCompile Include="Config\LuaWrap\CharacterWrap.cpp">
      <Filter>Config\LuaWrap</Filter>
    </ClCompile>
    <ClCompile Include="Config\LuaWrap.cpp">
      <Filter>Config</Filter>
    </ClCompile>
    <ClCompile Include="Protocol\NetMsgScene.cpp">
      <Filter>Protocol</Filter>
    </ClCompile>
    <ClCompile Include="Config\ConfigDefine.cpp">
      <Filter>Config</Filter>
    </ClCompile>
    <ClCompile Include="Config\LuaWrap\ProfWrap.cpp">
      <Filter>Config\LuaWrap</Filter>
    </ClCompile>
    <ClCompile Include="Scene\Actor.cpp">
      <Filter>Scene</Filter>
    </ClCompile>
    <ClCompile Include="Scene\Player.cpp">
      <Filter>Scene</Filter>
    </ClCompile>
    <ClCompile Include="Scene\Stage.cpp">
      <Filter>Scene</Filter>
    </ClCompile>
    <ClCompile Include="Scene\StageObject.cpp">
      <Filter>Scene</Filter>
    </ClCompile>
    <ClCompile Include="MySQL\MySQLResult.cpp">
      <Filter>MySQL</Filter>
    </ClCompile>
    <ClCompile Include="MySQL\MySQLWrap.cpp">
      <Filter>MySQL</Filter>
    </ClCompile>
    <ClCompile Include="Util\TimeUtil.cpp">
      <Filter>Util</Filter>
    </ClCompile>
    <ClCompile Include="Http\HttpServer.cpp">
      <Filter>Http</Filter>
    </ClCompile>
    <ClCompile Include="Core\pipe.cpp">
      <Filter>Core</Filter>
    </ClCompile>
    <ClCompile Include="Frame\MainBase.cpp">
      <Filter>Frame</Filter>
    </ClCompile>
    <ClCompile Include="Frame\NetManagerBase.cpp">
      <Filter>Frame</Filter>
    </ClCompile>
    <ClCompile Include="Frame\ServerBase.cpp">
      <Filter>Frame</Filter>
    </ClCompile>
    <ClCompile Include="Frame\StartSetting.cpp">
      <Filter>Frame</Filter>
    </ClCompile>
    <ClCompile Include="Frame\StorageManager.cpp">
      <Filter>Frame</Filter>
    </ClCompile>
    <ClCompile Include="Frame\ModuleBase.cpp">
      <Filter>Frame</Filter>
    </ClCompile>
    <ClCompile Include="Frame\Model\AttrSet.cpp">
      <Filter>Frame\Model</Filter>
    </ClCompile>
    <ClCompile Include="Frame\Model\DataModel.cpp">
      <Filter>Frame\Model</Filter>
    </ClCompile>
    <ClCompile Include="Frame\EventManager.cpp">
      <Filter>Frame</Filter>
    </ClCompile>
  </ItemGroup>
</Project>