<?xml version="1.0" encoding="utf-8"?>
<Project ToolsVersion="4.0" xmlns="http://schemas.microsoft.com/developer/msbuild/2003">
  <ItemGroup>
    <Filter Include="Net">
      <UniqueIdentifier>{5a45bd0d-13ab-42db-bc7d-50a2c11d614d}</UniqueIdentifier>
    </Filter>
    <Filter Include="Util">
      <UniqueIdentifier>{b27470c5-0aed-4cd6-85dc-237d78b8dea9}</UniqueIdentifier>
    </Filter>
    <Filter Include="Core">
      <UniqueIdentifier>{96b401c8-3914-41c8-b30e-626c2eeaa3ab}</UniqueIdentifier>
    </Filter>
  </ItemGroup>
  <ItemGroup>
    <ClInclude Include="Net\NetServer.h">
      <Filter>Net</Filter>
    </ClInclude>
    <ClInclude Include="Net\NetListener.h">
      <Filter>Net</Filter>
    </ClInclude>
    <ClInclude Include="Net\NetConnection.h">
      <Filter>Net</Filter>
    </ClInclude>
    <ClInclude Include="Net\NetConnectionManager.h">
      <Filter>Net</Filter>
    </ClInclude>
    <ClInclude Include="Net\NetPackageHeader.h">
      <Filter>Net</Filter>
    </ClInclude>
    <ClInclude Include="Net\NetSocketThread.h">
      <Filter>Net</Filter>
    </ClInclude>
    <ClInclude Include="Macro.h" />
    <ClInclude Include="Util\DataUtil.h">
      <Filter>Util</Filter>
    </ClInclude>
    <ClInclude Include="ServerBase.h" />
    <ClInclude Include="Core\semaphore.h">
      <Filter>Core</Filter>
    </ClInclude>
    <ClInclude Include="Util\TimeUtil.h">
      <Filter>Util</Filter>
    </ClInclude>
    <ClInclude Include="Net\NetMessage.h">
      <Filter>Net</Filter>
    </ClInclude>
    <ClInclude Include="Net\NetDefine.h">
      <Filter>Net</Filter>
    </ClInclude>
    <ClInclude Include="MainBase.h" />
    <ClInclude Include="NetManagerBase.h" />
    <ClInclude Include="Net\NetConnectionSet.h">
      <Filter>Net</Filter>
    </ClInclude>
  </ItemGroup>
  <ItemGroup>
    <ClCompile Include="Net\NetServer.cpp">
      <Filter>Net</Filter>
    </ClCompile>
    <ClCompile Include="Net\NetListener.cpp">
      <Filter>Net</Filter>
    </ClCompile>
    <ClCompile Include="Net\NetConnection.cpp">
      <Filter>Net</Filter>
    </ClCompile>
    <ClCompile Include="Net\NetConnectionManager.cpp">
      <Filter>Net</Filter>
    </ClCompile>
    <ClCompile Include="Net\NetPackageHeader.cpp">
      <Filter>Net</Filter>
    </ClCompile>
    <ClCompile Include="Net\NetSocketThread.cpp">
      <Filter>Net</Filter>
    </ClCompile>
    <ClCompile Include="Util\DataUtil.cpp">
      <Filter>Util</Filter>
    </ClCompile>
    <ClCompile Include="ServerBase.cpp" />
    <ClCompile Include="Core\semaphore.cpp">
      <Filter>Core</Filter>
    </ClCompile>
    <ClCompile Include="Util\TimeUtil.cpp">
      <Filter>Util</Filter>
    </ClCompile>
    <ClCompile Include="Net\NetMessage.cpp">
      <Filter>Net</Filter>
    </ClCompile>
    <ClCompile Include="MainBase.cpp" />
    <ClCompile Include="NetManagerBase.cpp" />
    <ClCompile Include="Net\NetConnectionSet.cpp">
      <Filter>Net</Filter>
    </ClCompile>
  </ItemGroup>
</Project>