<?xml version="1.0" encoding="utf-8"?>
<Project ToolsVersion="4.0" xmlns="http://schemas.microsoft.com/developer/msbuild/2003">
  <ItemGroup>
    <ClCompile Include="main.cpp" />
    <ClCompile Include="NetManagerWorld.cpp" />
    <ClCompile Include="ServerWorld.cpp" />
    <ClCompile Include="MainWorld.cpp" />
    <ClCompile Include="Player\PlayerData.cpp">
      <Filter>Player</Filter>
    </ClCompile>
    <ClCompile Include="Player\PlayerManager.cpp">
      <Filter>Player</Filter>
    </ClCompile>
    <ClCompile Include="Player\PlayerModule.cpp">
      <Filter>Player</Filter>
    </ClCompile>
    <ClCompile Include="Player\Module\ModuleBag.cpp">
      <Filter>Player\Module</Filter>
    </ClCompile>
    <ClCompile Include="Player\Module\ModuleSkill.cpp">
      <Filter>Player\Module</Filter>
    </ClCompile>
  </ItemGroup>
  <ItemGroup>
    <ClInclude Include="NetManagerWorld.h" />
    <ClInclude Include="ServerWorld.h" />
    <ClInclude Include="MainWorld.h" />
    <ClInclude Include="Player\PlayerData.h">
      <Filter>Player</Filter>
    </ClInclude>
    <ClInclude Include="Player\PlayerManager.h">
      <Filter>Player</Filter>
    </ClInclude>
    <ClInclude Include="Player\PlayerModule.h">
      <Filter>Player</Filter>
    </ClInclude>
    <ClInclude Include="Player\Module\ModuleBag.h">
      <Filter>Player\Module</Filter>
    </ClInclude>
    <ClInclude Include="Player\Module\ModuleSkill.h">
      <Filter>Player\Module</Filter>
    </ClInclude>
  </ItemGroup>
  <ItemGroup>
    <Filter Include="Player">
      <UniqueIdentifier>{491da86f-fd9d-4073-80fe-d14dcb176d71}</UniqueIdentifier>
    </Filter>
    <Filter Include="Player\Module">
      <UniqueIdentifier>{e34b8c7d-7456-49bb-8f68-fcc5da0549df}</UniqueIdentifier>
    </Filter>
  </ItemGroup>
</Project>